
Microsoft Visual Studio Solution File, Format Version 12.00
# Visual Studio Version 17
VisualStudioVersion = 17.11.35219.272
MinimumVisualStudioVersion = 10.0.40219.1
Project("{8BC9CEB8-8B4A-11D0-8D11-00A0C91BC942}") = "HomeWork", "HomeWork.vcxproj", "{776560C8-0FBA-4803-8D41-DFE51A98A754}"
EndProject
Global
	GlobalSection(SolutionConfigurationPlatforms) = preSolution
		Debug|x64 = Debug|x64
		Debug|x86 = Debug|x86
		Release|x64 = Release|x64
		Release|x86 = Release|x86
	EndGlobalSection
	GlobalSection(ProjectConfigurationPlatforms) = postSolution
		{776560C8-0FBA-4803-8D41-DFE51A98A754}.Debug|x64.ActiveCfg = Debug|x64
		{776560C8-0FBA-4803-8D41-DFE51A98A754}.Debug|x64.Build.0 = Debug|x64
		{776560C8-0FBA-4803-8D41-DFE51A98A754}.Debug|x86.ActiveCfg = Debug|Win32
		{776560C8-0FBA-4803-8D41-DFE51A98A754}.Debug|x86.Build.0 = Debug|Win32
		{776560C8-0FBA-4803-8D41-DFE51A98A754}.Release|x64.ActiveCfg = Release|x64
		{776560C8-0FBA-4803-8D41-DFE51A98A754}.Release|x64.Build.0 = Release|x64
		{776560C8-0FBA-4803-8D41-DFE51A98A754}.Release|x86.ActiveCfg = Release|Win32
		{776560C8-0FBA-4803-8D41-DFE51A98A754}.Release|x86.Build.0 = Release|Win32
	EndGlobalSection
	GlobalSection(SolutionProperties) = preSolution
		HideSolutionNode = FALSE
	EndGlobalSection
	GlobalSection(ExtensibilityGlobals) = postSolution
		SolutionGuid = {5756672D-B41E-4AF7-98BA-AB07F0B1EB82}
	EndGlobalSection
EndGlobal
